
Microsoft Visual Studio Solution File, Format Version 12.00
# Visual Studio Version 16
VisualStudioVersion = 16.0.31229.75
MinimumVisualStudioVersion = 10.0.40219.1
Project("{8BC9CEB8-8B4A-11D0-8D11-00A0C91BC942}") = "Victorina", "Victorina\Victorina.vcxproj", "{DE9C1A12-9BC5-4C6C-9B68-093DBBBEE74E}"
EndProject
Global
	GlobalSection(SolutionConfigurationPlatforms) = preSolution
		Debug|x64 = Debug|x64
		Debug|x86 = Debug|x86
		Release|x64 = Release|x64
		Release|x86 = Release|x86
	EndGlobalSection
	GlobalSection(ProjectConfigurationPlatforms) = postSolution
		{DE9C1A12-9BC5-4C6C-9B68-093DBBBEE74E}.Debug|x64.ActiveCfg = Debug|x64
		{DE9C1A12-9BC5-4C6C-9B68-093DBBBEE74E}.Debug|x64.Build.0 = Debug|x64
		{DE9C1A12-9BC5-4C6C-9B68-093DBBBEE74E}.Debug|x86.ActiveCfg = Debug|Win32
		{DE9C1A12-9BC5-4C6C-9B68-093DBBBEE74E}.Debug|x86.Build.0 = Debug|Win32
		{DE9C1A12-9BC5-4C6C-9B68-093DBBBEE74E}.Release|x64.ActiveCfg = Release|x64
		{DE9C1A12-9BC5-4C6C-9B68-093DBBBEE74E}.Release|x64.Build.0 = Release|x64
		{DE9C1A12-9BC5-4C6C-9B68-093DBBBEE74E}.Release|x86.ActiveCfg = Release|Win32
		{DE9C1A12-9BC5-4C6C-9B68-093DBBBEE74E}.Release|x86.Build.0 = Release|Win32
	EndGlobalSection
	GlobalSection(SolutionProperties) = preSolution
		HideSolutionNode = FALSE
	EndGlobalSection
	GlobalSection(ExtensibilityGlobals) = postSolution
		SolutionGuid = {38567CDF-DCF7-461B-87D6-F5F2A5DDD2FC}
	EndGlobalSection
EndGlobal
